
Microsoft Visual Studio Solution File, Format Version 12.00
# Visual Studio 15
VisualStudioVersion = 15.0.28010.2050
MinimumVisualStudioVersion = 10.0.40219.1
Project("{FAE04EC0-301F-11D3-BF4B-00C04F79EFBC}") = "Correlation", "Correlation\Correlation.csproj", "{76CE77E7-EA24-4C5A-88D1-0687B20F6354}"
EndProject
Global
	GlobalSection(SolutionConfigurationPlatforms) = preSolution
		Debug|Any CPU = Debug|Any CPU
		Release|Any CPU = Release|Any CPU
	EndGlobalSection
	GlobalSection(ProjectConfigurationPlatforms) = postSolution
		{76CE77E7-EA24-4C5A-88D1-0687B20F6354}.Debug|Any CPU.ActiveCfg = Debug|Any CPU
		{76CE77E7-EA24-4C5A-88D1-0687B20F6354}.Debug|Any CPU.Build.0 = Debug|Any CPU
		{76CE77E7-EA24-4C5A-88D1-0687B20F6354}.Release|Any CPU.ActiveCfg = Release|Any CPU
		{76CE77E7-EA24-4C5A-88D1-0687B20F6354}.Release|Any CPU.Build.0 = Release|Any CPU
	EndGlobalSection
	GlobalSection(SolutionProperties) = preSolution
		HideSolutionNode = FALSE
	EndGlobalSection
	GlobalSection(ExtensibilityGlobals) = postSolution
		SolutionGuid = {FE1CF9C8-A64D-441D-A845-A071F7EC01FE}
	EndGlobalSection
EndGlobal
